// !$*UTF8*$!
{
	archiveVersion = 1;
	classes = {
	};
	objectVersion = 46;
	objects = {

/* Begin PBXBuildFile section */
		C7132DA8135E7F5A0012B12A /* MapKit.framework in Frameworks */ = {isa = PBXBuildFile; fileRef = C7132DA7135E7F5A0012B12A /* MapKit.framework */; };
		C7132DAA135E7F680012B12A /* QuartzCore.framework in Frameworks */ = {isa = PBXBuildFile; fileRef = C7132DA9135E7F680012B12A /* QuartzCore.framework */; };
		C7132DB7135E83400012B12A /* CalenderView.m in Sources */ = {isa = PBXBuildFile; fileRef = C7132DB6135E83400012B12A /* CalenderView.m */; };
		C748C96B13662841005C4A2C /* MeetingListViewController.m in Sources */ = {isa = PBXBuildFile; fileRef = C748C96913662841005C4A2C /* MeetingListViewController.m */; };
		C748C96C13662841005C4A2C /* MeetingListViewController.xib in Resources */ = {isa = PBXBuildFile; fileRef = C748C96A13662841005C4A2C /* MeetingListViewController.xib */; };
		C74DC34A1367B432004FA304 /* TapkuLibrary.bundle in Resources */ = {isa = PBXBuildFile; fileRef = C74DC3491367B432004FA304 /* TapkuLibrary.bundle */; };
		C74DC34E1367B448004FA304 /* libTapkuLibrary.a in Frameworks */ = {isa = PBXBuildFile; fileRef = C74DC34D1367B448004FA304 /* libTapkuLibrary.a */; };
		C7557C50137758C2003AC2A2 /* checkbox-checked.png in Resources */ = {isa = PBXBuildFile; fileRef = C7557C4D137758C2003AC2A2 /* checkbox-checked.png */; };
		C7557C51137758C2003AC2A2 /* checkbox-pressed.png in Resources */ = {isa = PBXBuildFile; fileRef = C7557C4E137758C2003AC2A2 /* checkbox-pressed.png */; };
		C7557C52137758C2003AC2A2 /* checkbox.png in Resources */ = {isa = PBXBuildFile; fileRef = C7557C4F137758C2003AC2A2 /* checkbox.png */; };
		C7557C5613775E55003AC2A2 /* ActionItemsViewController.m in Sources */ = {isa = PBXBuildFile; fileRef = C7557C5413775E55003AC2A2 /* ActionItemsViewController.m */; };
		C7557C5713775E55003AC2A2 /* ActionItemsViewController.xib in Resources */ = {isa = PBXBuildFile; fileRef = C7557C5513775E55003AC2A2 /* ActionItemsViewController.xib */; };
		C75C7EB31370E1DB00052CA1 /* AgendaItem.m in Sources */ = {isa = PBXBuildFile; fileRef = C75C7EB21370E1DB00052CA1 /* AgendaItem.m */; };
		C76A79C31378ADAD00AEF020 /* AddressBook.framework in Frameworks */ = {isa = PBXBuildFile; fileRef = C76A79C11378ADAD00AEF020 /* AddressBook.framework */; };
		C76A79C41378ADAD00AEF020 /* AddressBookUI.framework in Frameworks */ = {isa = PBXBuildFile; fileRef = C76A79C21378ADAD00AEF020 /* AddressBookUI.framework */; };
		C78540E1135CF9B7001AAEDD /* UIKit.framework in Frameworks */ = {isa = PBXBuildFile; fileRef = C78540E0135CF9B7001AAEDD /* UIKit.framework */; };
		C78540E3135CF9B7001AAEDD /* Foundation.framework in Frameworks */ = {isa = PBXBuildFile; fileRef = C78540E2135CF9B7001AAEDD /* Foundation.framework */; };
		C78540E5135CF9B7001AAEDD /* CoreGraphics.framework in Frameworks */ = {isa = PBXBuildFile; fileRef = C78540E4135CF9B7001AAEDD /* CoreGraphics.framework */; };
		C78540EB135CF9B7001AAEDD /* InfoPlist.strings in Resources */ = {isa = PBXBuildFile; fileRef = C78540E9135CF9B7001AAEDD /* InfoPlist.strings */; };
		C78540EE135CF9B7001AAEDD /* main.m in Sources */ = {isa = PBXBuildFile; fileRef = C78540ED135CF9B7001AAEDD /* main.m */; };
		C78540F1135CF9B7001AAEDD /* MeetingNotesAppDelegate.m in Sources */ = {isa = PBXBuildFile; fileRef = C78540F0135CF9B7001AAEDD /* MeetingNotesAppDelegate.m */; };
		C78540F4135CF9B7001AAEDD /* MainWindow.xib in Resources */ = {isa = PBXBuildFile; fileRef = C78540F2135CF9B7001AAEDD /* MainWindow.xib */; };
		C790E6A1135D0599009B42B9 /* SortRootViewController.m in Sources */ = {isa = PBXBuildFile; fileRef = C790E69F135D0599009B42B9 /* SortRootViewController.m */; };
		C790E6A2135D0599009B42B9 /* SortRootViewController.xib in Resources */ = {isa = PBXBuildFile; fileRef = C790E6A0135D0599009B42B9 /* SortRootViewController.xib */; };
		C790E6A6135D05C5009B42B9 /* SortDetailViewController.m in Sources */ = {isa = PBXBuildFile; fileRef = C790E6A4135D05C5009B42B9 /* SortDetailViewController.m */; };
		C790E6A7135D05C5009B42B9 /* SortDetailViewController.xib in Resources */ = {isa = PBXBuildFile; fileRef = C790E6A5135D05C5009B42B9 /* SortDetailViewController.xib */; };
		C798B797137A24F400F6452B /* Meeting.m in Sources */ = {isa = PBXBuildFile; fileRef = C798B796137A24F400F6452B /* Meeting.m */; };
		C798B79A137A253D00F6452B /* Attendee.m in Sources */ = {isa = PBXBuildFile; fileRef = C798B799137A253D00F6452B /* Attendee.m */; };
		C7D74AF31362242B00B57A9C /* MeetingNotes.xcdatamodeld in Sources */ = {isa = PBXBuildFile; fileRef = C7D74AF11362242B00B57A9C /* MeetingNotes.xcdatamodeld */; };
		C7D74AF51362266600B57A9C /* CoreData.framework in Frameworks */ = {isa = PBXBuildFile; fileRef = C7D74AF41362266600B57A9C /* CoreData.framework */; };
		C7D74B0E1363255500B57A9C /* NotesRootViewController.m in Sources */ = {isa = PBXBuildFile; fileRef = C7D74B0C1363255500B57A9C /* NotesRootViewController.m */; };
		C7D74B0F1363255500B57A9C /* NotesRootViewController.xib in Resources */ = {isa = PBXBuildFile; fileRef = C7D74B0D1363255500B57A9C /* NotesRootViewController.xib */; };
		C7D74B2D13634DAC00B57A9C /* NotesDetailViewController.m in Sources */ = {isa = PBXBuildFile; fileRef = C7D74B2B13634DAC00B57A9C /* NotesDetailViewController.m */; };
		C7D74B2E13634DAC00B57A9C /* NotesDetailViewController.xib in Resources */ = {isa = PBXBuildFile; fileRef = C7D74B2C13634DAC00B57A9C /* NotesDetailViewController.xib */; };
		C7F96FE21368EDA300737BEA /* CreateMinutesViewController.m in Sources */ = {isa = PBXBuildFile; fileRef = C7F96FDF1368EDA300737BEA /* CreateMinutesViewController.m */; };
		C7F96FE31368EDA300737BEA /* StartsEndsViewController.m in Sources */ = {isa = PBXBuildFile; fileRef = C7F96FE11368EDA300737BEA /* StartsEndsViewController.m */; };
		C7F96FE61368EE2A00737BEA /* CreateMinutesView.xib in Resources */ = {isa = PBXBuildFile; fileRef = C7F96FE41368EE2A00737BEA /* CreateMinutesView.xib */; };
		C7F96FE71368EE2A00737BEA /* StartsEndsView.xib in Resources */ = {isa = PBXBuildFile; fileRef = C7F96FE51368EE2A00737BEA /* StartsEndsView.xib */; };
		C7FFF4A8136F699400E8E91D /* ActionItem.m in Sources */ = {isa = PBXBuildFile; fileRef = C7FFF4A7136F699400E8E91D /* ActionItem.m */; };
/* End PBXBuildFile section */

/* Begin PBXContainerItemProxy section */
		C74DC3451367B429004FA304 /* PBXContainerItemProxy */ = {
			isa = PBXContainerItemProxy;
			containerPortal = C74DC33D1367B429004FA304 /* TapkuLibrary.xcodeproj */;
			proxyType = 2;
			remoteGlobalIDString = D2AAC07E0554694100DB518D;
			remoteInfo = TapkuLibrary;
		};
		C74DC3471367B429004FA304 /* PBXContainerItemProxy */ = {
			isa = PBXContainerItemProxy;
			containerPortal = C74DC33D1367B429004FA304 /* TapkuLibrary.xcodeproj */;
			proxyType = 2;
			remoteGlobalIDString = 3B45DDF1134C736600D24C1A;
			remoteInfo = LogicTests;
		};
		C74DC34B1367B441004FA304 /* PBXContainerItemProxy */ = {
			isa = PBXContainerItemProxy;
			containerPortal = C74DC33D1367B429004FA304 /* TapkuLibrary.xcodeproj */;
			proxyType = 1;
			remoteGlobalIDString = D2AAC07D0554694100DB518D;
			remoteInfo = TapkuLibrary;
		};
/* End PBXContainerItemProxy section */

/* Begin PBXFileReference section */
		C7132DA7135E7F5A0012B12A /* MapKit.framework */ = {isa = PBXFileReference; lastKnownFileType = wrapper.framework; name = MapKit.framework; path = System/Library/Frameworks/MapKit.framework; sourceTree = SDKROOT; };
		C7132DA9135E7F680012B12A /* QuartzCore.framework */ = {isa = PBXFileReference; lastKnownFileType = wrapper.framework; name = QuartzCore.framework; path = System/Library/Frameworks/QuartzCore.framework; sourceTree = SDKROOT; };
		C7132DB5135E83400012B12A /* CalenderView.h */ = {isa = PBXFileReference; fileEncoding = 4; lastKnownFileType = sourcecode.c.h; path = CalenderView.h; sourceTree = "<group>"; };
		C7132DB6135E83400012B12A /* CalenderView.m */ = {isa = PBXFileReference; fileEncoding = 4; lastKnownFileType = sourcecode.c.objc; path = CalenderView.m; sourceTree = "<group>"; };
		C748C96813662841005C4A2C /* MeetingListViewController.h */ = {isa = PBXFileReference; fileEncoding = 4; lastKnownFileType = sourcecode.c.h; path = MeetingListViewController.h; sourceTree = "<group>"; };
		C748C96913662841005C4A2C /* MeetingListViewController.m */ = {isa = PBXFileReference; fileEncoding = 4; lastKnownFileType = sourcecode.c.objc; path = MeetingListViewController.m; sourceTree = "<group>"; };
		C748C96A13662841005C4A2C /* MeetingListViewController.xib */ = {isa = PBXFileReference; fileEncoding = 4; lastKnownFileType = file.xib; path = MeetingListViewController.xib; sourceTree = "<group>"; };
		C74DC33D1367B429004FA304 /* TapkuLibrary.xcodeproj */ = {isa = PBXFileReference; lastKnownFileType = "wrapper.pb-project"; name = TapkuLibrary.xcodeproj; path = ../../SDK_API/tapkulibrary/src/TapkuLibrary.xcodeproj; sourceTree = "<group>"; };
		C74DC3491367B432004FA304 /* TapkuLibrary.bundle */ = {isa = PBXFileReference; lastKnownFileType = "wrapper.plug-in"; name = TapkuLibrary.bundle; path = ../../../SDK_API/tapkulibrary/src/TapkuLibrary.bundle; sourceTree = "<group>"; };
		C74DC34D1367B448004FA304 /* libTapkuLibrary.a */ = {isa = PBXFileReference; explicitFileType = archive.ar; path = libTapkuLibrary.a; sourceTree = SOURCE_ROOT; };
		C7557C4D137758C2003AC2A2 /* checkbox-checked.png */ = {isa = PBXFileReference; lastKnownFileType = image.png; name = "checkbox-checked.png"; path = "Images/checkbox-checked.png"; sourceTree = "<group>"; };
		C7557C4E137758C2003AC2A2 /* checkbox-pressed.png */ = {isa = PBXFileReference; lastKnownFileType = image.png; name = "checkbox-pressed.png"; path = "Images/checkbox-pressed.png"; sourceTree = "<group>"; };
		C7557C4F137758C2003AC2A2 /* checkbox.png */ = {isa = PBXFileReference; lastKnownFileType = image.png; name = checkbox.png; path = Images/checkbox.png; sourceTree = "<group>"; };
		C7557C5313775E55003AC2A2 /* ActionItemsViewController.h */ = {isa = PBXFileReference; fileEncoding = 4; lastKnownFileType = sourcecode.c.h; path = ActionItemsViewController.h; sourceTree = "<group>"; };
		C7557C5413775E55003AC2A2 /* ActionItemsViewController.m */ = {isa = PBXFileReference; fileEncoding = 4; lastKnownFileType = sourcecode.c.objc; path = ActionItemsViewController.m; sourceTree = "<group>"; };
		C7557C5513775E55003AC2A2 /* ActionItemsViewController.xib */ = {isa = PBXFileReference; fileEncoding = 4; lastKnownFileType = file.xib; path = ActionItemsViewController.xib; sourceTree = "<group>"; };
		C75C7EB11370E1DB00052CA1 /* AgendaItem.h */ = {isa = PBXFileReference; fileEncoding = 4; lastKnownFileType = sourcecode.c.h; name = AgendaItem.h; path = Data/AgendaItem.h; sourceTree = "<group>"; };
		C75C7EB21370E1DB00052CA1 /* AgendaItem.m */ = {isa = PBXFileReference; fileEncoding = 4; lastKnownFileType = sourcecode.c.objc; name = AgendaItem.m; path = Data/AgendaItem.m; sourceTree = "<group>"; };
		C76A79C11378ADAD00AEF020 /* AddressBook.framework */ = {isa = PBXFileReference; lastKnownFileType = wrapper.framework; name = AddressBook.framework; path = System/Library/Frameworks/AddressBook.framework; sourceTree = SDKROOT; };
		C76A79C21378ADAD00AEF020 /* AddressBookUI.framework */ = {isa = PBXFileReference; lastKnownFileType = wrapper.framework; name = AddressBookUI.framework; path = System/Library/Frameworks/AddressBookUI.framework; sourceTree = SDKROOT; };
		C78540DC135CF9B7001AAEDD /* MeetingNotes.app */ = {isa = PBXFileReference; explicitFileType = wrapper.application; includeInIndex = 0; path = MeetingNotes.app; sourceTree = BUILT_PRODUCTS_DIR; };
		C78540E0135CF9B7001AAEDD /* UIKit.framework */ = {isa = PBXFileReference; lastKnownFileType = wrapper.framework; name = UIKit.framework; path = System/Library/Frameworks/UIKit.framework; sourceTree = SDKROOT; };
		C78540E2135CF9B7001AAEDD /* Foundation.framework */ = {isa = PBXFileReference; lastKnownFileType = wrapper.framework; name = Foundation.framework; path = System/Library/Frameworks/Foundation.framework; sourceTree = SDKROOT; };
		C78540E4135CF9B7001AAEDD /* CoreGraphics.framework */ = {isa = PBXFileReference; lastKnownFileType = wrapper.framework; name = CoreGraphics.framework; path = System/Library/Frameworks/CoreGraphics.framework; sourceTree = SDKROOT; };
		C78540E8135CF9B7001AAEDD /* MeetingNotes-Info.plist */ = {isa = PBXFileReference; lastKnownFileType = text.plist.xml; path = "MeetingNotes-Info.plist"; sourceTree = "<group>"; };
		C78540EA135CF9B7001AAEDD /* en */ = {isa = PBXFileReference; lastKnownFileType = text.plist.strings; name = en; path = en.lproj/InfoPlist.strings; sourceTree = "<group>"; };
		C78540EC135CF9B7001AAEDD /* MeetingNotes-Prefix.pch */ = {isa = PBXFileReference; lastKnownFileType = sourcecode.c.h; path = "MeetingNotes-Prefix.pch"; sourceTree = "<group>"; };
		C78540ED135CF9B7001AAEDD /* main.m */ = {isa = PBXFileReference; lastKnownFileType = sourcecode.c.objc; path = main.m; sourceTree = "<group>"; };
		C78540EF135CF9B7001AAEDD /* MeetingNotesAppDelegate.h */ = {isa = PBXFileReference; lastKnownFileType = sourcecode.c.h; path = MeetingNotesAppDelegate.h; sourceTree = "<group>"; };
		C78540F0135CF9B7001AAEDD /* MeetingNotesAppDelegate.m */ = {isa = PBXFileReference; lastKnownFileType = sourcecode.c.objc; path = MeetingNotesAppDelegate.m; sourceTree = "<group>"; };
		C78540F3135CF9B7001AAEDD /* en */ = {isa = PBXFileReference; lastKnownFileType = file.xib; name = en; path = en.lproj/MainWindow.xib; sourceTree = "<group>"; };
		C790E69E135D0599009B42B9 /* SortRootViewController.h */ = {isa = PBXFileReference; fileEncoding = 4; lastKnownFileType = sourcecode.c.h; path = SortRootViewController.h; sourceTree = "<group>"; };
		C790E69F135D0599009B42B9 /* SortRootViewController.m */ = {isa = PBXFileReference; fileEncoding = 4; lastKnownFileType = sourcecode.c.objc; path = SortRootViewController.m; sourceTree = "<group>"; };
		C790E6A0135D0599009B42B9 /* SortRootViewController.xib */ = {isa = PBXFileReference; fileEncoding = 4; lastKnownFileType = file.xib; path = SortRootViewController.xib; sourceTree = "<group>"; };
		C790E6A3135D05C5009B42B9 /* SortDetailViewController.h */ = {isa = PBXFileReference; fileEncoding = 4; lastKnownFileType = sourcecode.c.h; path = SortDetailViewController.h; sourceTree = "<group>"; };
		C790E6A4135D05C5009B42B9 /* SortDetailViewController.m */ = {isa = PBXFileReference; fileEncoding = 4; lastKnownFileType = sourcecode.c.objc; path = SortDetailViewController.m; sourceTree = "<group>"; };
		C790E6A5135D05C5009B42B9 /* SortDetailViewController.xib */ = {isa = PBXFileReference; fileEncoding = 4; lastKnownFileType = file.xib; path = SortDetailViewController.xib; sourceTree = "<group>"; };
		C798B795137A24F400F6452B /* Meeting.h */ = {isa = PBXFileReference; fileEncoding = 4; lastKnownFileType = sourcecode.c.h; name = Meeting.h; path = Data/Meeting.h; sourceTree = "<group>"; };
		C798B796137A24F400F6452B /* Meeting.m */ = {isa = PBXFileReference; fileEncoding = 4; lastKnownFileType = sourcecode.c.objc; name = Meeting.m; path = Data/Meeting.m; sourceTree = "<group>"; };
		C798B798137A253D00F6452B /* Attendee.h */ = {isa = PBXFileReference; fileEncoding = 4; lastKnownFileType = sourcecode.c.h; name = Attendee.h; path = Data/Attendee.h; sourceTree = "<group>"; };
		C798B799137A253D00F6452B /* Attendee.m */ = {isa = PBXFileReference; fileEncoding = 4; lastKnownFileType = sourcecode.c.objc; name = Attendee.m; path = Data/Attendee.m; sourceTree = "<group>"; };
		C7D74AF21362242B00B57A9C /* MeetingNotes.xcdatamodel */ = {isa = PBXFileReference; lastKnownFileType = wrapper.xcdatamodel; path = MeetingNotes.xcdatamodel; sourceTree = "<group>"; };
		C7D74AF41362266600B57A9C /* CoreData.framework */ = {isa = PBXFileReference; lastKnownFileType = wrapper.framework; name = CoreData.framework; path = System/Library/Frameworks/CoreData.framework; sourceTree = SDKROOT; };
		C7D74B0B1363255500B57A9C /* NotesRootViewController.h */ = {isa = PBXFileReference; fileEncoding = 4; lastKnownFileType = sourcecode.c.h; path = NotesRootViewController.h; sourceTree = "<group>"; };
		C7D74B0C1363255500B57A9C /* NotesRootViewController.m */ = {isa = PBXFileReference; fileEncoding = 4; lastKnownFileType = sourcecode.c.objc; path = NotesRootViewController.m; sourceTree = "<group>"; };
		C7D74B0D1363255500B57A9C /* NotesRootViewController.xib */ = {isa = PBXFileReference; fileEncoding = 4; lastKnownFileType = file.xib; path = NotesRootViewController.xib; sourceTree = "<group>"; };
		C7D74B2A13634DAC00B57A9C /* NotesDetailViewController.h */ = {isa = PBXFileReference; fileEncoding = 4; lastKnownFileType = sourcecode.c.h; path = NotesDetailViewController.h; sourceTree = "<group>"; };
		C7D74B2B13634DAC00B57A9C /* NotesDetailViewController.m */ = {isa = PBXFileReference; fileEncoding = 4; lastKnownFileType = sourcecode.c.objc; path = NotesDetailViewController.m; sourceTree = "<group>"; };
		C7D74B2C13634DAC00B57A9C /* NotesDetailViewController.xib */ = {isa = PBXFileReference; fileEncoding = 4; lastKnownFileType = file.xib; path = NotesDetailViewController.xib; sourceTree = "<group>"; };
		C7F96FDE1368EDA300737BEA /* CreateMinutesViewController.h */ = {isa = PBXFileReference; fileEncoding = 4; lastKnownFileType = sourcecode.c.h; path = CreateMinutesViewController.h; sourceTree = "<group>"; };
		C7F96FDF1368EDA300737BEA /* CreateMinutesViewController.m */ = {isa = PBXFileReference; fileEncoding = 4; lastKnownFileType = sourcecode.c.objc; path = CreateMinutesViewController.m; sourceTree = "<group>"; };
		C7F96FE01368EDA300737BEA /* StartsEndsViewController.h */ = {isa = PBXFileReference; fileEncoding = 4; lastKnownFileType = sourcecode.c.h; path = StartsEndsViewController.h; sourceTree = "<group>"; };
		C7F96FE11368EDA300737BEA /* StartsEndsViewController.m */ = {isa = PBXFileReference; fileEncoding = 4; lastKnownFileType = sourcecode.c.objc; path = StartsEndsViewController.m; sourceTree = "<group>"; };
		C7F96FE41368EE2A00737BEA /* CreateMinutesView.xib */ = {isa = PBXFileReference; fileEncoding = 4; lastKnownFileType = file.xib; path = CreateMinutesView.xib; sourceTree = "<group>"; };
		C7F96FE51368EE2A00737BEA /* StartsEndsView.xib */ = {isa = PBXFileReference; fileEncoding = 4; lastKnownFileType = file.xib; path = StartsEndsView.xib; sourceTree = "<group>"; };
		C7FFF4A6136F699400E8E91D /* ActionItem.h */ = {isa = PBXFileReference; fileEncoding = 4; lastKnownFileType = sourcecode.c.h; name = ActionItem.h; path = Data/ActionItem.h; sourceTree = "<group>"; };
		C7FFF4A7136F699400E8E91D /* ActionItem.m */ = {isa = PBXFileReference; fileEncoding = 4; lastKnownFileType = sourcecode.c.objc; name = ActionItem.m; path = Data/ActionItem.m; sourceTree = "<group>"; };
/* End PBXFileReference section */

/* Begin PBXFrameworksBuildPhase section */
		C78540D9135CF9B7001AAEDD /* Frameworks */ = {
			isa = PBXFrameworksBuildPhase;
			buildActionMask = 2147483647;
			files = (
				C76A79C31378ADAD00AEF020 /* AddressBook.framework in Frameworks */,
				C76A79C41378ADAD00AEF020 /* AddressBookUI.framework in Frameworks */,
				C74DC34E1367B448004FA304 /* libTapkuLibrary.a in Frameworks */,
				C7D74AF51362266600B57A9C /* CoreData.framework in Frameworks */,
				C7132DAA135E7F680012B12A /* QuartzCore.framework in Frameworks */,
				C7132DA8135E7F5A0012B12A /* MapKit.framework in Frameworks */,
				C78540E1135CF9B7001AAEDD /* UIKit.framework in Frameworks */,
				C78540E3135CF9B7001AAEDD /* Foundation.framework in Frameworks */,
				C78540E5135CF9B7001AAEDD /* CoreGraphics.framework in Frameworks */,
			);
			runOnlyForDeploymentPostprocessing = 0;
		};
/* End PBXFrameworksBuildPhase section */

/* Begin PBXGroup section */
		C70E6AAE13667FE20059B75E /* Data */ = {
			isa = PBXGroup;
			children = (
				C798B798137A253D00F6452B /* Attendee.h */,
				C798B799137A253D00F6452B /* Attendee.m */,
				C798B795137A24F400F6452B /* Meeting.h */,
				C798B796137A24F400F6452B /* Meeting.m */,
				C75C7EB11370E1DB00052CA1 /* AgendaItem.h */,
				C75C7EB21370E1DB00052CA1 /* AgendaItem.m */,
				C7FFF4A6136F699400E8E91D /* ActionItem.h */,
				C7FFF4A7136F699400E8E91D /* ActionItem.m */,
			);
			name = Data;
			sourceTree = "<group>";
		};
		C748C973136635FD005C4A2C /* MeetingList Controllers */ = {
			isa = PBXGroup;
			children = (
				C748C96813662841005C4A2C /* MeetingListViewController.h */,
				C748C96913662841005C4A2C /* MeetingListViewController.m */,
				C748C96A13662841005C4A2C /* MeetingListViewController.xib */,
			);
			name = "MeetingList Controllers";
			sourceTree = "<group>";
		};
		C74DC33E1367B429004FA304 /* Products */ = {
			isa = PBXGroup;
			children = (
				C74DC3461367B429004FA304 /* libTapkuLibrary.a */,
				C74DC3481367B429004FA304 /* LogicTests.octest */,
			);
			name = Products;
			sourceTree = "<group>";
		};
		C7557C3913775086003AC2A2 /* ActionItem Controllers */ = {
			isa = PBXGroup;
			children = (
				C7557C5313775E55003AC2A2 /* ActionItemsViewController.h */,
				C7557C5413775E55003AC2A2 /* ActionItemsViewController.m */,
				C7557C5513775E55003AC2A2 /* ActionItemsViewController.xib */,
			);
			name = "ActionItem Controllers";
			sourceTree = "<group>";
		};
		C7557C4C137758AC003AC2A2 /* Images */ = {
			isa = PBXGroup;
			children = (
				C7557C4D137758C2003AC2A2 /* checkbox-checked.png */,
				C7557C4E137758C2003AC2A2 /* checkbox-pressed.png */,
				C7557C4F137758C2003AC2A2 /* checkbox.png */,
			);
			name = Images;
			sourceTree = "<group>";
		};
		C78540D1135CF9B7001AAEDD = {
			isa = PBXGroup;
			children = (
				C76A79C11378ADAD00AEF020 /* AddressBook.framework */,
				C76A79C21378ADAD00AEF020 /* AddressBookUI.framework */,
				C78540E6135CF9B7001AAEDD /* MeetingNotes */,
				C78540DF135CF9B7001AAEDD /* Frameworks */,
				C78540DD135CF9B7001AAEDD /* Products */,
			);
			sourceTree = "<group>";
		};
		C78540DD135CF9B7001AAEDD /* Products */ = {
			isa = PBXGroup;
			children = (
				C78540DC135CF9B7001AAEDD /* MeetingNotes.app */,
			);
			name = Products;
			sourceTree = "<group>";
		};
		C78540DF135CF9B7001AAEDD /* Frameworks */ = {
			isa = PBXGroup;
			children = (
				C74DC34D1367B448004FA304 /* libTapkuLibrary.a */,
				C74DC33D1367B429004FA304 /* TapkuLibrary.xcodeproj */,
				C7D74AF41362266600B57A9C /* CoreData.framework */,
				C7132DA9135E7F680012B12A /* QuartzCore.framework */,
				C7132DA7135E7F5A0012B12A /* MapKit.framework */,
				C78540E0135CF9B7001AAEDD /* UIKit.framework */,
				C78540E2135CF9B7001AAEDD /* Foundation.framework */,
				C78540E4135CF9B7001AAEDD /* CoreGraphics.framework */,
			);
			name = Frameworks;
			sourceTree = "<group>";
		};
		C78540E6135CF9B7001AAEDD /* MeetingNotes */ = {
			isa = PBXGroup;
			children = (
				C7557C3913775086003AC2A2 /* ActionItem Controllers */,
				C7F96FDD1368ED6F00737BEA /* ManualAddMeeting Controllers */,
				C74DC3491367B432004FA304 /* TapkuLibrary.bundle */,
				C70E6AAE13667FE20059B75E /* Data */,
				C748C973136635FD005C4A2C /* MeetingList Controllers */,
				C7D74B0A1363212500B57A9C /* NotesView Controllers */,
				C7D74AF0136223F500B57A9C /* DataModel */,
				C7CA16CF135D37660065D288 /* CalenderView */,
				C790E681135D040D009B42B9 /* MainSplitView Controllers */,
				C790E680135D03FA009B42B9 /* AppDelegate */,
				C790E67E135D03D7009B42B9 /* Resources */,
				C78540E7135CF9B7001AAEDD /* Supporting Files */,
			);
			path = MeetingNotes;
			sourceTree = "<group>";
		};
		C78540E7135CF9B7001AAEDD /* Supporting Files */ = {
			isa = PBXGroup;
			children = (
				C78540E8135CF9B7001AAEDD /* MeetingNotes-Info.plist */,
				C78540E9135CF9B7001AAEDD /* InfoPlist.strings */,
				C78540EC135CF9B7001AAEDD /* MeetingNotes-Prefix.pch */,
				C78540ED135CF9B7001AAEDD /* main.m */,
			);
			name = "Supporting Files";
			sourceTree = "<group>";
		};
		C790E67E135D03D7009B42B9 /* Resources */ = {
			isa = PBXGroup;
			children = (
				C7557C4C137758AC003AC2A2 /* Images */,
				C78540F2135CF9B7001AAEDD /* MainWindow.xib */,
			);
			name = Resources;
			sourceTree = "<group>";
		};
		C790E680135D03FA009B42B9 /* AppDelegate */ = {
			isa = PBXGroup;
			children = (
				C78540EF135CF9B7001AAEDD /* MeetingNotesAppDelegate.h */,
				C78540F0135CF9B7001AAEDD /* MeetingNotesAppDelegate.m */,
			);
			name = AppDelegate;
			sourceTree = "<group>";
		};
		C790E681135D040D009B42B9 /* MainSplitView Controllers */ = {
			isa = PBXGroup;
			children = (
				C790E69E135D0599009B42B9 /* SortRootViewController.h */,
				C790E69F135D0599009B42B9 /* SortRootViewController.m */,
				C790E6A0135D0599009B42B9 /* SortRootViewController.xib */,
				C790E6A3135D05C5009B42B9 /* SortDetailViewController.h */,
				C790E6A4135D05C5009B42B9 /* SortDetailViewController.m */,
				C790E6A5135D05C5009B42B9 /* SortDetailViewController.xib */,
			);
			name = "MainSplitView Controllers";
			sourceTree = "<group>";
		};
		C7CA16CF135D37660065D288 /* CalenderView */ = {
			isa = PBXGroup;
			children = (
				C7132DB5135E83400012B12A /* CalenderView.h */,
				C7132DB6135E83400012B12A /* CalenderView.m */,
			);
			name = CalenderView;
			sourceTree = "<group>";
		};
		C7D74AF0136223F500B57A9C /* DataModel */ = {
			isa = PBXGroup;
			children = (
				C7D74AF11362242B00B57A9C /* MeetingNotes.xcdatamodeld */,
			);
			name = DataModel;
			sourceTree = "<group>";
		};
		C7D74B0A1363212500B57A9C /* NotesView Controllers */ = {
			isa = PBXGroup;
			children = (
				C7D74B0B1363255500B57A9C /* NotesRootViewController.h */,
				C7D74B0C1363255500B57A9C /* NotesRootViewController.m */,
				C7D74B0D1363255500B57A9C /* NotesRootViewController.xib */,
				C7D74B2A13634DAC00B57A9C /* NotesDetailViewController.h */,
				C7D74B2B13634DAC00B57A9C /* NotesDetailViewController.m */,
				C7D74B2C13634DAC00B57A9C /* NotesDetailViewController.xib */,
			);
			name = "NotesView Controllers";
			sourceTree = "<group>";
		};
		C7F96FDD1368ED6F00737BEA /* ManualAddMeeting Controllers */ = {
			isa = PBXGroup;
			children = (
				C7F96FE41368EE2A00737BEA /* CreateMinutesView.xib */,
				C7F96FE51368EE2A00737BEA /* StartsEndsView.xib */,
				C7F96FDE1368EDA300737BEA /* CreateMinutesViewController.h */,
				C7F96FDF1368EDA300737BEA /* CreateMinutesViewController.m */,
				C7F96FE01368EDA300737BEA /* StartsEndsViewController.h */,
				C7F96FE11368EDA300737BEA /* StartsEndsViewController.m */,
			);
			name = "ManualAddMeeting Controllers";
			sourceTree = "<group>";
		};
/* End PBXGroup section */

/* Begin PBXNativeTarget section */
		C78540DB135CF9B7001AAEDD /* MeetingNotes */ = {
			isa = PBXNativeTarget;
			buildConfigurationList = C78540F7135CF9B7001AAEDD /* Build configuration list for PBXNativeTarget "MeetingNotes" */;
			buildPhases = (
				C78540D8135CF9B7001AAEDD /* Sources */,
				C78540D9135CF9B7001AAEDD /* Frameworks */,
				C78540DA135CF9B7001AAEDD /* Resources */,
			);
			buildRules = (
			);
			dependencies = (
				C74DC34C1367B441004FA304 /* PBXTargetDependency */,
			);
			name = MeetingNotes;
			productName = MeetingNotes;
			productReference = C78540DC135CF9B7001AAEDD /* MeetingNotes.app */;
			productType = "com.apple.product-type.application";
		};
/* End PBXNativeTarget section */

/* Begin PBXProject section */
		C78540D3135CF9B7001AAEDD /* Project object */ = {
			isa = PBXProject;
			attributes = {
				ORGANIZATIONNAME = "EMC Corporation";
			};
			buildConfigurationList = C78540D6135CF9B7001AAEDD /* Build configuration list for PBXProject "MeetingNotes" */;
			compatibilityVersion = "Xcode 3.2";
			developmentRegion = English;
			hasScannedForEncodings = 0;
			knownRegions = (
				en,
			);
			mainGroup = C78540D1135CF9B7001AAEDD;
			productRefGroup = C78540DD135CF9B7001AAEDD /* Products */;
			projectDirPath = "";
			projectReferences = (
				{
					ProductGroup = C74DC33E1367B429004FA304 /* Products */;
					ProjectRef = C74DC33D1367B429004FA304 /* TapkuLibrary.xcodeproj */;
				},
			);
			projectRoot = "";
			targets = (
				C78540DB135CF9B7001AAEDD /* MeetingNotes */,
			);
		};
/* End PBXProject section */

/* Begin PBXReferenceProxy section */
		C74DC3461367B429004FA304 /* libTapkuLibrary.a */ = {
			isa = PBXReferenceProxy;
			fileType = archive.ar;
			path = libTapkuLibrary.a;
			remoteRef = C74DC3451367B429004FA304 /* PBXContainerItemProxy */;
			sourceTree = BUILT_PRODUCTS_DIR;
		};
		C74DC3481367B429004FA304 /* LogicTests.octest */ = {
			isa = PBXReferenceProxy;
			fileType = wrapper.cfbundle;
			path = LogicTests.octest;
			remoteRef = C74DC3471367B429004FA304 /* PBXContainerItemProxy */;
			sourceTree = BUILT_PRODUCTS_DIR;
		};
/* End PBXReferenceProxy section */

/* Begin PBXResourcesBuildPhase section */
		C78540DA135CF9B7001AAEDD /* Resources */ = {
			isa = PBXResourcesBuildPhase;
			buildActionMask = 2147483647;
			files = (
				C78540EB135CF9B7001AAEDD /* InfoPlist.strings in Resources */,
				C78540F4135CF9B7001AAEDD /* MainWindow.xib in Resources */,
				C790E6A2135D0599009B42B9 /* SortRootViewController.xib in Resources */,
				C790E6A7135D05C5009B42B9 /* SortDetailViewController.xib in Resources */,
				C7D74B0F1363255500B57A9C /* NotesRootViewController.xib in Resources */,
				C7D74B2E13634DAC00B57A9C /* NotesDetailViewController.xib in Resources */,
				C748C96C13662841005C4A2C /* MeetingListViewController.xib in Resources */,
				C74DC34A1367B432004FA304 /* TapkuLibrary.bundle in Resources */,
				C7F96FE61368EE2A00737BEA /* CreateMinutesView.xib in Resources */,
				C7F96FE71368EE2A00737BEA /* StartsEndsView.xib in Resources */,
				C7557C50137758C2003AC2A2 /* checkbox-checked.png in Resources */,
				C7557C51137758C2003AC2A2 /* checkbox-pressed.png in Resources */,
				C7557C52137758C2003AC2A2 /* checkbox.png in Resources */,
				C7557C5713775E55003AC2A2 /* ActionItemsViewController.xib in Resources */,
			);
			runOnlyForDeploymentPostprocessing = 0;
		};
/* End PBXResourcesBuildPhase section */

/* Begin PBXSourcesBuildPhase section */
		C78540D8135CF9B7001AAEDD /* Sources */ = {
			isa = PBXSourcesBuildPhase;
			buildActionMask = 2147483647;
			files = (
				C78540EE135CF9B7001AAEDD /* main.m in Sources */,
				C78540F1135CF9B7001AAEDD /* MeetingNotesAppDelegate.m in Sources */,
				C790E6A1135D0599009B42B9 /* SortRootViewController.m in Sources */,
				C790E6A6135D05C5009B42B9 /* SortDetailViewController.m in Sources */,
				C7132DB7135E83400012B12A /* CalenderView.m in Sources */,
				C7D74AF31362242B00B57A9C /* MeetingNotes.xcdatamodeld in Sources */,
				C7D74B0E1363255500B57A9C /* NotesRootViewController.m in Sources */,
				C7D74B2D13634DAC00B57A9C /* NotesDetailViewController.m in Sources */,
				C748C96B13662841005C4A2C /* MeetingListViewController.m in Sources */,
				C7F96FE21368EDA300737BEA /* CreateMinutesViewController.m in Sources */,
				C7F96FE31368EDA300737BEA /* StartsEndsViewController.m in Sources */,
				C7FFF4A8136F699400E8E91D /* ActionItem.m in Sources */,
				C75C7EB31370E1DB00052CA1 /* AgendaItem.m in Sources */,
				C7557C5613775E55003AC2A2 /* ActionItemsViewController.m in Sources */,
				C798B797137A24F400F6452B /* Meeting.m in Sources */,
				C798B79A137A253D00F6452B /* Attendee.m in Sources */,
			);
			runOnlyForDeploymentPostprocessing = 0;
		};
/* End PBXSourcesBuildPhase section */

/* Begin PBXTargetDependency section */
		C74DC34C1367B441004FA304 /* PBXTargetDependency */ = {
			isa = PBXTargetDependency;
			name = TapkuLibrary;
			targetProxy = C74DC34B1367B441004FA304 /* PBXContainerItemProxy */;
		};
/* End PBXTargetDependency section */

/* Begin PBXVariantGroup section */
		C78540E9135CF9B7001AAEDD /* InfoPlist.strings */ = {
			isa = PBXVariantGroup;
			children = (
				C78540EA135CF9B7001AAEDD /* en */,
			);
			name = InfoPlist.strings;
			sourceTree = "<group>";
		};
		C78540F2135CF9B7001AAEDD /* MainWindow.xib */ = {
			isa = PBXVariantGroup;
			children = (
				C78540F3135CF9B7001AAEDD /* en */,
			);
			name = MainWindow.xib;
			sourceTree = "<group>";
		};
/* End PBXVariantGroup section */

/* Begin XCBuildConfiguration section */
		C78540F5135CF9B7001AAEDD /* Debug */ = {
			isa = XCBuildConfiguration;
			buildSettings = {
				ARCHS = "$(ARCHS_UNIVERSAL_IPHONE_OS)";
				"CODE_SIGN_IDENTITY[sdk=iphoneos*]" = "iPhone Developer";
				GCC_C_LANGUAGE_STANDARD = gnu99;
				GCC_OPTIMIZATION_LEVEL = 0;
				GCC_PREPROCESSOR_DEFINITIONS = DEBUG;
				GCC_SYMBOLS_PRIVATE_EXTERN = NO;
				GCC_VERSION = com.apple.compilers.llvmgcc42;
				GCC_WARN_ABOUT_RETURN_TYPE = YES;
				GCC_WARN_UNUSED_VARIABLE = YES;
				IPHONEOS_DEPLOYMENT_TARGET = 4.3;
				SDKROOT = iphoneos;
				TARGETED_DEVICE_FAMILY = 2;
			};
			name = Debug;
		};
		C78540F6135CF9B7001AAEDD /* Release */ = {
			isa = XCBuildConfiguration;
			buildSettings = {
				ARCHS = "$(ARCHS_UNIVERSAL_IPHONE_OS)";
				"CODE_SIGN_IDENTITY[sdk=iphoneos*]" = "iPhone Developer";
				GCC_C_LANGUAGE_STANDARD = gnu99;
				GCC_VERSION = com.apple.compilers.llvmgcc42;
				GCC_WARN_ABOUT_RETURN_TYPE = YES;
				GCC_WARN_UNUSED_VARIABLE = YES;
				IPHONEOS_DEPLOYMENT_TARGET = 4.3;
				OTHER_CFLAGS = "-DNS_BLOCK_ASSERTIONS=1";
				SDKROOT = iphoneos;
				TARGETED_DEVICE_FAMILY = 2;
			};
			name = Release;
		};
		C78540F8135CF9B7001AAEDD /* Debug */ = {
			isa = XCBuildConfiguration;
			buildSettings = {
				ALWAYS_SEARCH_USER_PATHS = NO;
				COPY_PHASE_STRIP = NO;
				GCC_DYNAMIC_NO_PIC = NO;
				GCC_PRECOMPILE_PREFIX_HEADER = YES;
				GCC_PREFIX_HEADER = "MeetingNotes/MeetingNotes-Prefix.pch";
				HEADER_SEARCH_PATHS = (
					/Users/noelcurtis/Workspace/SDK_API/tapkulibrary/src,
					/Users/noelcurtis/Workspace/API/tapkulibrary/src,
				);
				INFOPLIST_FILE = "MeetingNotes/MeetingNotes-Info.plist";
				LIBRARY_SEARCH_PATHS = (
					"$(inherited)",
					"\"$(SRCROOT)\"",
				);
				OTHER_LDFLAGS = (
					"-all_load",
					"-ObjC",
				);
				PRODUCT_NAME = "$(TARGET_NAME)";
				WRAPPER_EXTENSION = app;
			};
			name = Debug;
		};
		C78540F9135CF9B7001AAEDD /* Release */ = {
			isa = XCBuildConfiguration;
			buildSettings = {
				ALWAYS_SEARCH_USER_PATHS = NO;
				COPY_PHASE_STRIP = YES;
				GCC_PRECOMPILE_PREFIX_HEADER = YES;
				GCC_PREFIX_HEADER = "MeetingNotes/MeetingNotes-Prefix.pch";
				HEADER_SEARCH_PATHS = (
					/Users/noelcurtis/Workspace/SDK_API/tapkulibrary/src,
					/Users/noelcurtis/Workspace/API/tapkulibrary/src,
				);
				INFOPLIST_FILE = "MeetingNotes/MeetingNotes-Info.plist";
				LIBRARY_SEARCH_PATHS = (
					"$(inherited)",
					"\"$(SRCROOT)\"",
				);
				OTHER_LDFLAGS = (
					"-all_load",
					"-ObjC",
				);
				PRODUCT_NAME = "$(TARGET_NAME)";
				VALIDATE_PRODUCT = YES;
				WRAPPER_EXTENSION = app;
			};
			name = Release;
		};
/* End XCBuildConfiguration section */

/* Begin XCConfigurationList section */
		C78540D6135CF9B7001AAEDD /* Build configuration list for PBXProject "MeetingNotes" */ = {
			isa = XCConfigurationList;
			buildConfigurations = (
				C78540F5135CF9B7001AAEDD /* Debug */,
				C78540F6135CF9B7001AAEDD /* Release */,
			);
			defaultConfigurationIsVisible = 0;
			defaultConfigurationName = Release;
		};
		C78540F7135CF9B7001AAEDD /* Build configuration list for PBXNativeTarget "MeetingNotes" */ = {
			isa = XCConfigurationList;
			buildConfigurations = (
				C78540F8135CF9B7001AAEDD /* Debug */,
				C78540F9135CF9B7001AAEDD /* Release */,
			);
			defaultConfigurationIsVisible = 0;
			defaultConfigurationName = Release;
		};
/* End XCConfigurationList section */

/* Begin XCVersionGroup section */
		C7D74AF11362242B00B57A9C /* MeetingNotes.xcdatamodeld */ = {
			isa = XCVersionGroup;
			children = (
				C7D74AF21362242B00B57A9C /* MeetingNotes.xcdatamodel */,
			);
			currentVersion = C7D74AF21362242B00B57A9C /* MeetingNotes.xcdatamodel */;
			path = MeetingNotes.xcdatamodeld;
			sourceTree = "<group>";
			versionGroupType = wrapper.xcdatamodel;
		};
/* End XCVersionGroup section */
	};
	rootObject = C78540D3135CF9B7001AAEDD /* Project object */;
}
